
Microsoft Visual Studio Solution File, Format Version 12.00
# Visual Studio Version 17
VisualStudioVersion = 17.5.33414.496
MinimumVisualStudioVersion = 10.0.40219.1
Project("{FAE04EC0-301F-11D3-BF4B-00C04F79EFBC}") = "SabaaTask.API", "SabaaTask.API\SabaaTask.API.csproj", "{B8BE79B8-8CE0-4241-BEC8-3CA5501C1197}"
EndProject
Project("{FAE04EC0-301F-11D3-BF4B-00C04F79EFBC}") = "SabaaTask.CORE", "SabaaTask.CORE\SabaaTask.CORE.csproj", "{6C659D2D-D4B1-4481-8C5E-CC6D0249B953}"
EndProject
Project("{FAE04EC0-301F-11D3-BF4B-00C04F79EFBC}") = "SabaaTask.INFRA", "SabaaTask.INFRA\SabaaTask.INFRA.csproj", "{906D3F2D-1D32-46FE-865A-C48BD30E24E4}"
EndProject
Global
	GlobalSection(SolutionConfigurationPlatforms) = preSolution
		Debug|Any CPU = Debug|Any CPU
		Release|Any CPU = Release|Any CPU
	EndGlobalSection
	GlobalSection(ProjectConfigurationPlatforms) = postSolution
		{B8BE79B8-8CE0-4241-BEC8-3CA5501C1197}.Debug|Any CPU.ActiveCfg = Debug|Any CPU
		{B8BE79B8-8CE0-4241-BEC8-3CA5501C1197}.Debug|Any CPU.Build.0 = Debug|Any CPU
		{B8BE79B8-8CE0-4241-BEC8-3CA5501C1197}.Release|Any CPU.ActiveCfg = Release|Any CPU
		{B8BE79B8-8CE0-4241-BEC8-3CA5501C1197}.Release|Any CPU.Build.0 = Release|Any CPU
		{6C659D2D-D4B1-4481-8C5E-CC6D0249B953}.Debug|Any CPU.ActiveCfg = Debug|Any CPU
		{6C659D2D-D4B1-4481-8C5E-CC6D0249B953}.Debug|Any CPU.Build.0 = Debug|Any CPU
		{6C659D2D-D4B1-4481-8C5E-CC6D0249B953}.Release|Any CPU.ActiveCfg = Release|Any CPU
		{6C659D2D-D4B1-4481-8C5E-CC6D0249B953}.Release|Any CPU.Build.0 = Release|Any CPU
		{906D3F2D-1D32-46FE-865A-C48BD30E24E4}.Debug|Any CPU.ActiveCfg = Debug|Any CPU
		{906D3F2D-1D32-46FE-865A-C48BD30E24E4}.Debug|Any CPU.Build.0 = Debug|Any CPU
		{906D3F2D-1D32-46FE-865A-C48BD30E24E4}.Release|Any CPU.ActiveCfg = Release|Any CPU
		{906D3F2D-1D32-46FE-865A-C48BD30E24E4}.Release|Any CPU.Build.0 = Release|Any CPU
	EndGlobalSection
	GlobalSection(SolutionProperties) = preSolution
		HideSolutionNode = FALSE
	EndGlobalSection
	GlobalSection(ExtensibilityGlobals) = postSolution
		SolutionGuid = {966EBE06-F768-45C5-8022-C7885FB7D3FA}
	EndGlobalSection
EndGlobal
